
Microsoft Visual Studio Solution File, Format Version 12.00
# Visual Studio 2013
VisualStudioVersion = 12.0.30110.0
MinimumVisualStudioVersion = 10.0.40219.1
Project("{F2A71F9B-5D33-465A-A702-920D77279786}") = "Consumed", "Consumed\Consumed.fsproj", "{709FBEC1-220E-4C25-8C8F-51870B3474FA}"
EndProject
Project("{F2A71F9B-5D33-465A-A702-920D77279786}") = "Consumed.Tests", "Consumed.Tests\Consumed.Tests.fsproj", "{5A98B5C4-B230-4A88-A62F-D2F3357079F4}"
EndProject
Global
	GlobalSection(SolutionConfigurationPlatforms) = preSolution
		Debug|Any CPU = Debug|Any CPU
		Release|Any CPU = Release|Any CPU
	EndGlobalSection
	GlobalSection(ProjectConfigurationPlatforms) = postSolution
		{709FBEC1-220E-4C25-8C8F-51870B3474FA}.Debug|Any CPU.ActiveCfg = Debug|Any CPU
		{709FBEC1-220E-4C25-8C8F-51870B3474FA}.Debug|Any CPU.Build.0 = Debug|Any CPU
		{709FBEC1-220E-4C25-8C8F-51870B3474FA}.Release|Any CPU.ActiveCfg = Release|Any CPU
		{709FBEC1-220E-4C25-8C8F-51870B3474FA}.Release|Any CPU.Build.0 = Release|Any CPU
		{5A98B5C4-B230-4A88-A62F-D2F3357079F4}.Debug|Any CPU.ActiveCfg = Debug|Any CPU
		{5A98B5C4-B230-4A88-A62F-D2F3357079F4}.Debug|Any CPU.Build.0 = Debug|Any CPU
		{5A98B5C4-B230-4A88-A62F-D2F3357079F4}.Release|Any CPU.ActiveCfg = Release|Any CPU
		{5A98B5C4-B230-4A88-A62F-D2F3357079F4}.Release|Any CPU.Build.0 = Release|Any CPU
	EndGlobalSection
	GlobalSection(SolutionProperties) = preSolution
		HideSolutionNode = FALSE
	EndGlobalSection
EndGlobal
